{
  "name": "bot",
  "lockfileVersion": 2,
  "requires": true,
  "packages": {
    "": {
      "dependencies": {
        "discord.js-cogs": "^0.2.0"
      }
    },
    "node_modules/discord.js-cogs": {
      "version": "0.2.0",
      "resolved": "https://registry.npmjs.org/discord.js-cogs/-/discord.js-cogs-0.2.0.tgz",
      "integrity": "sha512-HUkUrGxBPHeU1Tw4YA892GbTP5msxMAjAypV2uoC7P/tQB4wgHRzDiVazWsf08ylFtK3/UOF1eGPm8X+dYWvMg=="
    }
  },
  "dependencies": {
    "discord.js-cogs": {
      "version": "0.2.0",
      "resolved": "https://registry.npmjs.org/discord.js-cogs/-/discord.js-cogs-0.2.0.tgz",
      "integrity": "sha512-HUkUrGxBPHeU1Tw4YA892GbTP5msxMAjAypV2uoC7P/tQB4wgHRzDiVazWsf08ylFtK3/UOF1eGPm8X+dYWvMg=="
    }
  }
}
